
Microsoft Visual Studio Solution File, Format Version 12.00
# Visual Studio 14
VisualStudioVersion = 14.0.24720.0
MinimumVisualStudioVersion = 10.0.40219.1
Project("{FAE04EC0-301F-11D3-BF4B-00C04F79EFBC}") = "ConEmuVS", "ConEmuVS\ConEmuVS.csproj", "{8B62208C-3AAF-40B2-B6B7-A375362849FF}"
EndProject
Project("{2150E333-8FDC-42A3-9474-1A3956D46DE8}") = "Solution Items", "Solution Items", "{A50E0EE4-1D50-4E20-BD86-19D6CE69298C}"
	ProjectSection(SolutionItems) = preProject
		README.md = README.md
	EndProjectSection
EndProject
Global
	GlobalSection(SolutionConfigurationPlatforms) = preSolution
		Debug|Any CPU = Debug|Any CPU
		Release|Any CPU = Release|Any CPU
	EndGlobalSection
	GlobalSection(ProjectConfigurationPlatforms) = postSolution
		{8B62208C-3AAF-40B2-B6B7-A375362849FF}.Debug|Any CPU.ActiveCfg = Debug|Any CPU
		{8B62208C-3AAF-40B2-B6B7-A375362849FF}.Debug|Any CPU.Build.0 = Debug|Any CPU
		{8B62208C-3AAF-40B2-B6B7-A375362849FF}.Release|Any CPU.ActiveCfg = Release|Any CPU
		{8B62208C-3AAF-40B2-B6B7-A375362849FF}.Release|Any CPU.Build.0 = Release|Any CPU
	EndGlobalSection
	GlobalSection(SolutionProperties) = preSolution
		HideSolutionNode = FALSE
	EndGlobalSection
EndGlobal
